
Microsoft Visual Studio Solution File, Format Version 12.00
# Visual Studio Version 17
VisualStudioVersion = 17.2.32616.157
MinimumVisualStudioVersion = 10.0.40219.1
Project("{9A19103F-16F7-4668-BE54-9A1E7A4F7556}") = "BusinessObjects", "DataAccess\BusinessObjects.csproj", "{E8276D97-39BB-4DD9-81B9-D651A2CC593E}"
EndProject
Project("{9A19103F-16F7-4668-BE54-9A1E7A4F7556}") = "DataAccess", "BusinessObject\DataAccess.csproj", "{0B134EF4-5883-4A1F-86BC-5DBF77E80C8E}"
EndProject
Project("{9A19103F-16F7-4668-BE54-9A1E7A4F7556}") = "SalesWPFApp", "SalesWPFApp\SalesWPFApp.csproj", "{2C245472-EF52-4A6D-A7C4-9A0C334BEFD1}"
EndProject
Project("{2150E333-8FDC-42A3-9474-1A3956D46DE8}") = "1.Presentation Layer", "1.Presentation Layer", "{E5B9259E-79CC-45C1-BCA8-5F0006EE17BC}"
EndProject
Project("{2150E333-8FDC-42A3-9474-1A3956D46DE8}") = "3.Data Layer", "3.Data Layer", "{9769118C-91B9-4490-A899-27C1BA8AF294}"
EndProject
Project("{2150E333-8FDC-42A3-9474-1A3956D46DE8}") = "2.Business Layer", "2.Business Layer", "{85BDC9BF-5D06-451E-A08D-861C6C099009}"
EndProject
Global
	GlobalSection(SolutionConfigurationPlatforms) = preSolution
		Debug|Any CPU = Debug|Any CPU
		Release|Any CPU = Release|Any CPU
	EndGlobalSection
	GlobalSection(ProjectConfigurationPlatforms) = postSolution
		{E8276D97-39BB-4DD9-81B9-D651A2CC593E}.Debug|Any CPU.ActiveCfg = Debug|Any CPU
		{E8276D97-39BB-4DD9-81B9-D651A2CC593E}.Debug|Any CPU.Build.0 = Debug|Any CPU
		{E8276D97-39BB-4DD9-81B9-D651A2CC593E}.Release|Any CPU.ActiveCfg = Release|Any CPU
		{E8276D97-39BB-4DD9-81B9-D651A2CC593E}.Release|Any CPU.Build.0 = Release|Any CPU
		{0B134EF4-5883-4A1F-86BC-5DBF77E80C8E}.Debug|Any CPU.ActiveCfg = Debug|Any CPU
		{0B134EF4-5883-4A1F-86BC-5DBF77E80C8E}.Debug|Any CPU.Build.0 = Debug|Any CPU
		{0B134EF4-5883-4A1F-86BC-5DBF77E80C8E}.Release|Any CPU.ActiveCfg = Release|Any CPU
		{0B134EF4-5883-4A1F-86BC-5DBF77E80C8E}.Release|Any CPU.Build.0 = Release|Any CPU
		{2C245472-EF52-4A6D-A7C4-9A0C334BEFD1}.Debug|Any CPU.ActiveCfg = Debug|Any CPU
		{2C245472-EF52-4A6D-A7C4-9A0C334BEFD1}.Debug|Any CPU.Build.0 = Debug|Any CPU
		{2C245472-EF52-4A6D-A7C4-9A0C334BEFD1}.Release|Any CPU.ActiveCfg = Release|Any CPU
		{2C245472-EF52-4A6D-A7C4-9A0C334BEFD1}.Release|Any CPU.Build.0 = Release|Any CPU
	EndGlobalSection
	GlobalSection(SolutionProperties) = preSolution
		HideSolutionNode = FALSE
	EndGlobalSection
	GlobalSection(NestedProjects) = preSolution
		{E8276D97-39BB-4DD9-81B9-D651A2CC593E} = {85BDC9BF-5D06-451E-A08D-861C6C099009}
		{0B134EF4-5883-4A1F-86BC-5DBF77E80C8E} = {9769118C-91B9-4490-A899-27C1BA8AF294}
		{2C245472-EF52-4A6D-A7C4-9A0C334BEFD1} = {E5B9259E-79CC-45C1-BCA8-5F0006EE17BC}
	EndGlobalSection
	GlobalSection(ExtensibilityGlobals) = postSolution
		SolutionGuid = {33667718-CF04-41B8-ACB2-8BDA0E1D7C0D}
	EndGlobalSection
EndGlobal
